
Microsoft Visual Studio Solution File, Format Version 12.00
# Visual Studio 2013
VisualStudioVersion = 12.0.30723.0
MinimumVisualStudioVersion = 10.0.40219.1
Project("{2150E333-8FDC-42A3-9474-1A3956D46DE8}") = "src", "src", "{1A7EF8DA-9E2C-4BC3-A207-4A15983E0580}"
EndProject
Project("{2150E333-8FDC-42A3-9474-1A3956D46DE8}") = "test", "test", "{5A66E71D-B433-4AEC-8296-5609B28D6E57}"
EndProject
Project("{FAE04EC0-301F-11D3-BF4B-00C04F79EFBC}") = "My_App", "src\My_App\My_App.csproj", "{9ADB68DF-B5FC-425F-A4D7-5C3C2D3DE12D}"
EndProject
Project("{FAE04EC0-301F-11D3-BF4B-00C04F79EFBC}") = "My_App.Processor", "src\My_App.Processor\My_App.Processor.csproj", "{BB17D15A-7337-498C-8C03-E85E0E453CAF}"
EndProject
Project("{FAE04EC0-301F-11D3-BF4B-00C04F79EFBC}") = "My_App.PuDebugExecuter", "test\My_App.PuDebugExecuter\My_App.PuDebugExecuter.csproj", "{01032B6D-E13D-40FC-8325-E614907DAB44}"
	ProjectSection(ProjectDependencies) = postProject
		{BB17D15A-7337-498C-8C03-E85E0E453CAF} = {BB17D15A-7337-498C-8C03-E85E0E453CAF}
		{9ADB68DF-B5FC-425F-A4D7-5C3C2D3DE12D} = {9ADB68DF-B5FC-425F-A4D7-5C3C2D3DE12D}
		{586EA9F3-D44F-4249-8098-4A6E88B8C388} = {586EA9F3-D44F-4249-8098-4A6E88B8C388}
	EndProjectSection
EndProject
Project("{FAE04EC0-301F-11D3-BF4B-00C04F79EFBC}") = "My_App.Feeder", "src\My_App.Feeder\My_App.Feeder.csproj", "{586EA9F3-D44F-4249-8098-4A6E88B8C388}"
EndProject
Global
	GlobalSection(SolutionConfigurationPlatforms) = preSolution
		Debug|Any CPU = Debug|Any CPU
		Release|Any CPU = Release|Any CPU
	EndGlobalSection
	GlobalSection(ProjectConfigurationPlatforms) = postSolution
		{9ADB68DF-B5FC-425F-A4D7-5C3C2D3DE12D}.Debug|Any CPU.ActiveCfg = Debug|Any CPU
		{9ADB68DF-B5FC-425F-A4D7-5C3C2D3DE12D}.Debug|Any CPU.Build.0 = Debug|Any CPU
		{9ADB68DF-B5FC-425F-A4D7-5C3C2D3DE12D}.Release|Any CPU.ActiveCfg = Release|Any CPU
		{9ADB68DF-B5FC-425F-A4D7-5C3C2D3DE12D}.Release|Any CPU.Build.0 = Release|Any CPU
		{BB17D15A-7337-498C-8C03-E85E0E453CAF}.Debug|Any CPU.ActiveCfg = Debug|Any CPU
		{BB17D15A-7337-498C-8C03-E85E0E453CAF}.Debug|Any CPU.Build.0 = Debug|Any CPU
		{BB17D15A-7337-498C-8C03-E85E0E453CAF}.Release|Any CPU.ActiveCfg = Release|Any CPU
		{BB17D15A-7337-498C-8C03-E85E0E453CAF}.Release|Any CPU.Build.0 = Release|Any CPU
		{01032B6D-E13D-40FC-8325-E614907DAB44}.Debug|Any CPU.ActiveCfg = Debug|Any CPU
		{01032B6D-E13D-40FC-8325-E614907DAB44}.Debug|Any CPU.Build.0 = Debug|Any CPU
		{01032B6D-E13D-40FC-8325-E614907DAB44}.Release|Any CPU.ActiveCfg = Release|Any CPU
		{01032B6D-E13D-40FC-8325-E614907DAB44}.Release|Any CPU.Build.0 = Release|Any CPU
		{586EA9F3-D44F-4249-8098-4A6E88B8C388}.Debug|Any CPU.ActiveCfg = Debug|Any CPU
		{586EA9F3-D44F-4249-8098-4A6E88B8C388}.Debug|Any CPU.Build.0 = Debug|Any CPU
		{586EA9F3-D44F-4249-8098-4A6E88B8C388}.Release|Any CPU.ActiveCfg = Release|Any CPU
		{586EA9F3-D44F-4249-8098-4A6E88B8C388}.Release|Any CPU.Build.0 = Release|Any CPU
	EndGlobalSection
	GlobalSection(SolutionProperties) = preSolution
		HideSolutionNode = FALSE
	EndGlobalSection
	GlobalSection(NestedProjects) = preSolution
		{9ADB68DF-B5FC-425F-A4D7-5C3C2D3DE12D} = {1A7EF8DA-9E2C-4BC3-A207-4A15983E0580}
		{BB17D15A-7337-498C-8C03-E85E0E453CAF} = {1A7EF8DA-9E2C-4BC3-A207-4A15983E0580}
		{01032B6D-E13D-40FC-8325-E614907DAB44} = {5A66E71D-B433-4AEC-8296-5609B28D6E57}
		{586EA9F3-D44F-4249-8098-4A6E88B8C388} = {1A7EF8DA-9E2C-4BC3-A207-4A15983E0580}
	EndGlobalSection
EndGlobal
